
Microsoft Visual Studio Solution File, Format Version 12.00
# Visual Studio Version 17
VisualStudioVersion = 17.0.32112.339
MinimumVisualStudioVersion = 10.0.40219.1
Project("{2150E333-8FDC-42A3-9474-1A3956D46DE8}") = "src", "src", "{4FAFC3AE-05CB-4999-97E8-2D516CBFDA73}"
EndProject
Project("{2150E333-8FDC-42A3-9474-1A3956D46DE8}") = "tests", "tests", "{563C770E-383D-4C53-A72E-897EA3206BEC}"
EndProject
Project("{2150E333-8FDC-42A3-9474-1A3956D46DE8}") = "UnitTests", "UnitTests", "{B1DE33F0-F4CD-4E64-8EB3-2D8963A3CA1E}"
EndProject
Project("{9A19103F-16F7-4668-BE54-9A1E7A4F7556}") = "SampleTest", "tests\UnitTests\SampleTest\SampleTest.csproj", "{FF0A6AD4-BAB0-4471-9950-94901306A58A}"
EndProject
Project("{2150E333-8FDC-42A3-9474-1A3956D46DE8}") = "k8s", "k8s", "{DB1139B4-A3CF-4546-97E6-DDD7C895125E}"
EndProject
Project("{9A19103F-16F7-4668-BE54-9A1E7A4F7556}") = "API", "src\API\API.csproj", "{7801DD91-DB41-4085-BFB8-AF60E8F39668}"
EndProject
Project("{9A19103F-16F7-4668-BE54-9A1E7A4F7556}") = "Application", "src\Application\Application.csproj", "{6B65A62B-F680-4334-945E-9DFE5F8ACFBD}"
EndProject
Project("{9A19103F-16F7-4668-BE54-9A1E7A4F7556}") = "Domain", "src\Domain\Domain.csproj", "{FA0CBEE8-5C57-4448-BCE9-B5D5FD069E36}"
EndProject
Project("{9A19103F-16F7-4668-BE54-9A1E7A4F7556}") = "Infrastructure", "src\Infrastructure\Infrastructure.csproj", "{C8D1EC2A-A06B-484C-9366-6F231B1A1A0B}"
EndProject
Project("{9A19103F-16F7-4668-BE54-9A1E7A4F7556}") = "Infrastructure.Data", "src\Infrastructure.Data\Infrastructure.Data.csproj", "{B86F7FE2-3BB9-4FB9-888E-56574F048043}"
EndProject
Project("{9A19103F-16F7-4668-BE54-9A1E7A4F7556}") = "Shared", "src\Shared\Shared.csproj", "{231E08AB-57C1-423F-A05B-5736FEF104EF}"
EndProject
Project("{E53339B2-1760-4266-BCC7-CA923CBCF16C}") = "docker-compose", "docker-compose.dcproj", "{82C12935-193C-456B-848F-4BCBBD6266E6}"
EndProject
Global
	GlobalSection(SolutionConfigurationPlatforms) = preSolution
		Debug|Any CPU = Debug|Any CPU
		Release|Any CPU = Release|Any CPU
	EndGlobalSection
	GlobalSection(ProjectConfigurationPlatforms) = postSolution
		{FF0A6AD4-BAB0-4471-9950-94901306A58A}.Debug|Any CPU.ActiveCfg = Debug|Any CPU
		{FF0A6AD4-BAB0-4471-9950-94901306A58A}.Debug|Any CPU.Build.0 = Debug|Any CPU
		{FF0A6AD4-BAB0-4471-9950-94901306A58A}.Release|Any CPU.ActiveCfg = Release|Any CPU
		{FF0A6AD4-BAB0-4471-9950-94901306A58A}.Release|Any CPU.Build.0 = Release|Any CPU
		{7801DD91-DB41-4085-BFB8-AF60E8F39668}.Debug|Any CPU.ActiveCfg = Debug|Any CPU
		{7801DD91-DB41-4085-BFB8-AF60E8F39668}.Debug|Any CPU.Build.0 = Debug|Any CPU
		{7801DD91-DB41-4085-BFB8-AF60E8F39668}.Release|Any CPU.ActiveCfg = Release|Any CPU
		{7801DD91-DB41-4085-BFB8-AF60E8F39668}.Release|Any CPU.Build.0 = Release|Any CPU
		{6B65A62B-F680-4334-945E-9DFE5F8ACFBD}.Debug|Any CPU.ActiveCfg = Debug|Any CPU
		{6B65A62B-F680-4334-945E-9DFE5F8ACFBD}.Debug|Any CPU.Build.0 = Debug|Any CPU
		{6B65A62B-F680-4334-945E-9DFE5F8ACFBD}.Release|Any CPU.ActiveCfg = Release|Any CPU
		{6B65A62B-F680-4334-945E-9DFE5F8ACFBD}.Release|Any CPU.Build.0 = Release|Any CPU
		{FA0CBEE8-5C57-4448-BCE9-B5D5FD069E36}.Debug|Any CPU.ActiveCfg = Debug|Any CPU
		{FA0CBEE8-5C57-4448-BCE9-B5D5FD069E36}.Debug|Any CPU.Build.0 = Debug|Any CPU
		{FA0CBEE8-5C57-4448-BCE9-B5D5FD069E36}.Release|Any CPU.ActiveCfg = Release|Any CPU
		{FA0CBEE8-5C57-4448-BCE9-B5D5FD069E36}.Release|Any CPU.Build.0 = Release|Any CPU
		{C8D1EC2A-A06B-484C-9366-6F231B1A1A0B}.Debug|Any CPU.ActiveCfg = Debug|Any CPU
		{C8D1EC2A-A06B-484C-9366-6F231B1A1A0B}.Debug|Any CPU.Build.0 = Debug|Any CPU
		{C8D1EC2A-A06B-484C-9366-6F231B1A1A0B}.Release|Any CPU.ActiveCfg = Release|Any CPU
		{C8D1EC2A-A06B-484C-9366-6F231B1A1A0B}.Release|Any CPU.Build.0 = Release|Any CPU
		{B86F7FE2-3BB9-4FB9-888E-56574F048043}.Debug|Any CPU.ActiveCfg = Debug|Any CPU
		{B86F7FE2-3BB9-4FB9-888E-56574F048043}.Debug|Any CPU.Build.0 = Debug|Any CPU
		{B86F7FE2-3BB9-4FB9-888E-56574F048043}.Release|Any CPU.ActiveCfg = Release|Any CPU
		{B86F7FE2-3BB9-4FB9-888E-56574F048043}.Release|Any CPU.Build.0 = Release|Any CPU
		{231E08AB-57C1-423F-A05B-5736FEF104EF}.Debug|Any CPU.ActiveCfg = Debug|Any CPU
		{231E08AB-57C1-423F-A05B-5736FEF104EF}.Debug|Any CPU.Build.0 = Debug|Any CPU
		{231E08AB-57C1-423F-A05B-5736FEF104EF}.Release|Any CPU.ActiveCfg = Release|Any CPU
		{231E08AB-57C1-423F-A05B-5736FEF104EF}.Release|Any CPU.Build.0 = Release|Any CPU
		{82C12935-193C-456B-848F-4BCBBD6266E6}.Debug|Any CPU.ActiveCfg = Debug|Any CPU
		{82C12935-193C-456B-848F-4BCBBD6266E6}.Debug|Any CPU.Build.0 = Debug|Any CPU
		{82C12935-193C-456B-848F-4BCBBD6266E6}.Release|Any CPU.ActiveCfg = Release|Any CPU
		{82C12935-193C-456B-848F-4BCBBD6266E6}.Release|Any CPU.Build.0 = Release|Any CPU
	EndGlobalSection
	GlobalSection(SolutionProperties) = preSolution
		HideSolutionNode = FALSE
	EndGlobalSection
	GlobalSection(NestedProjects) = preSolution
		{B1DE33F0-F4CD-4E64-8EB3-2D8963A3CA1E} = {563C770E-383D-4C53-A72E-897EA3206BEC}
		{FF0A6AD4-BAB0-4471-9950-94901306A58A} = {B1DE33F0-F4CD-4E64-8EB3-2D8963A3CA1E}
		{7801DD91-DB41-4085-BFB8-AF60E8F39668} = {4FAFC3AE-05CB-4999-97E8-2D516CBFDA73}
		{6B65A62B-F680-4334-945E-9DFE5F8ACFBD} = {4FAFC3AE-05CB-4999-97E8-2D516CBFDA73}
		{FA0CBEE8-5C57-4448-BCE9-B5D5FD069E36} = {4FAFC3AE-05CB-4999-97E8-2D516CBFDA73}
		{C8D1EC2A-A06B-484C-9366-6F231B1A1A0B} = {4FAFC3AE-05CB-4999-97E8-2D516CBFDA73}
		{B86F7FE2-3BB9-4FB9-888E-56574F048043} = {4FAFC3AE-05CB-4999-97E8-2D516CBFDA73}
		{231E08AB-57C1-423F-A05B-5736FEF104EF} = {4FAFC3AE-05CB-4999-97E8-2D516CBFDA73}
	EndGlobalSection
	GlobalSection(ExtensibilityGlobals) = postSolution
		SolutionGuid = {89A01E19-B045-4C2E-8876-F08DE5C5197D}
	EndGlobalSection
EndGlobal
